
Microsoft Visual Studio Solution File, Format Version 12.00
# Visual Studio Version 17
VisualStudioVersion = 17.13.36105.23 d17.13
MinimumVisualStudioVersion = 10.0.40219.1
Project("{FAE04EC0-301F-11D3-BF4B-00C04F79EFBC}") = "CorpTrayLauncher", "CorpTrayLauncher.csproj", "{771AD90F-B96E-4FAA-99D1-4EE124FB20CD}"
EndProject
Global
	GlobalSection(SolutionConfigurationPlatforms) = preSolution
		Debug|Any CPU = Debug|Any CPU
		Release|Any CPU = Release|Any CPU
	EndGlobalSection
	GlobalSection(ProjectConfigurationPlatforms) = postSolution
		{771AD90F-B96E-4FAA-99D1-4EE124FB20CD}.Debug|Any CPU.ActiveCfg = Debug|Any CPU
		{771AD90F-B96E-4FAA-99D1-4EE124FB20CD}.Debug|Any CPU.Build.0 = Debug|Any CPU
		{771AD90F-B96E-4FAA-99D1-4EE124FB20CD}.Release|Any CPU.ActiveCfg = Release|Any CPU
		{771AD90F-B96E-4FAA-99D1-4EE124FB20CD}.Release|Any CPU.Build.0 = Release|Any CPU
	EndGlobalSection
	GlobalSection(SolutionProperties) = preSolution
		HideSolutionNode = FALSE
	EndGlobalSection
	GlobalSection(ExtensibilityGlobals) = postSolution
		SolutionGuid = {09F4023A-6BF6-4856-A7B3-4802C70CBABD}
	EndGlobalSection
EndGlobal
